// !$*UTF8*$!
{
	archiveVersion = 1;
	classes = {
	};
	objectVersion = 56;
	objects = {

/* Begin PBXBuildFile section */
		B506C65329DC27310023E2CB /* PostTableViewCell.swift in Sources */ = {isa = PBXBuildFile; fileRef = B506C65229DC27310023E2CB /* PostTableViewCell.swift */; };
		B581686E29B9D33000A52DE0 /* AppDelegate.swift in Sources */ = {isa = PBXBuildFile; fileRef = B581686D29B9D33000A52DE0 /* AppDelegate.swift */; };
		B581687029B9D33000A52DE0 /* SceneDelegate.swift in Sources */ = {isa = PBXBuildFile; fileRef = B581686F29B9D33000A52DE0 /* SceneDelegate.swift */; };
		B581687229B9D33000A52DE0 /* FeedViewController.swift in Sources */ = {isa = PBXBuildFile; fileRef = B581687129B9D33000A52DE0 /* FeedViewController.swift */; };
		B581687729B9D33800A52DE0 /* Assets.xcassets in Resources */ = {isa = PBXBuildFile; fileRef = B581687629B9D33800A52DE0 /* Assets.xcassets */; };
		B581687A29B9D33800A52DE0 /* LaunchScreen.storyboard in Resources */ = {isa = PBXBuildFile; fileRef = B581687829B9D33800A52DE0 /* LaunchScreen.storyboard */; };
		B581688429B9F93700A52DE0 /* PostViewController.swift in Sources */ = {isa = PBXBuildFile; fileRef = B581688329B9F93600A52DE0 /* PostViewController.swift */; };
		B581688729B9FA9200A52DE0 /* Post.swift in Sources */ = {isa = PBXBuildFile; fileRef = B581688629B9FA9200A52DE0 /* Post.swift */; };
		B581688929BAC9D500A52DE0 /* InfoViewController.swift in Sources */ = {isa = PBXBuildFile; fileRef = B581688829BAC9D500A52DE0 /* InfoViewController.swift */; };
		B581688B29BB000600A52DE0 /* .gitignore in Resources */ = {isa = PBXBuildFile; fileRef = B581688A29BB000500A52DE0 /* .gitignore */; };
		B581688E29CA134000A52DE0 /* ProfileTableHederView.swift in Sources */ = {isa = PBXBuildFile; fileRef = B581688D29CA134000A52DE0 /* ProfileTableHederView.swift */; };
		B581689029CA138400A52DE0 /* ProfileViewController.swift in Sources */ = {isa = PBXBuildFile; fileRef = B581688F29CA138400A52DE0 /* ProfileViewController.swift */; };
		B581689829D4577100A52DE0 /* Extensions.swift in Sources */ = {isa = PBXBuildFile; fileRef = B581689729D4577100A52DE0 /* Extensions.swift */; };
		B5B4BD5129D6D20300652889 /* LoginViewController.swift in Sources */ = {isa = PBXBuildFile; fileRef = B5B4BD5029D6D20300652889 /* LoginViewController.swift */; };
		B5B4BD5329D6F05300652889 /* LoginScrollView.swift in Sources */ = {isa = PBXBuildFile; fileRef = B5B4BD5229D6F05300652889 /* LoginScrollView.swift */; };
/* End PBXBuildFile section */

/* Begin PBXFileReference section */
		B506C65229DC27310023E2CB /* PostTableViewCell.swift */ = {isa = PBXFileReference; lastKnownFileType = sourcecode.swift; name = PostTableViewCell.swift; path = Navigation/Model/PostTableViewCell.swift; sourceTree = SOURCE_ROOT; };
		B581686A29B9D33000A52DE0 /* Navigation.app */ = {isa = PBXFileReference; explicitFileType = wrapper.application; includeInIndex = 0; path = Navigation.app; sourceTree = BUILT_PRODUCTS_DIR; };
		B581686D29B9D33000A52DE0 /* AppDelegate.swift */ = {isa = PBXFileReference; lastKnownFileType = sourcecode.swift; path = AppDelegate.swift; sourceTree = "<group>"; };
		B581686F29B9D33000A52DE0 /* SceneDelegate.swift */ = {isa = PBXFileReference; lastKnownFileType = sourcecode.swift; path = SceneDelegate.swift; sourceTree = "<group>"; };
		B581687129B9D33000A52DE0 /* FeedViewController.swift */ = {isa = PBXFileReference; lastKnownFileType = sourcecode.swift; path = FeedViewController.swift; sourceTree = "<group>"; };
		B581687629B9D33800A52DE0 /* Assets.xcassets */ = {isa = PBXFileReference; lastKnownFileType = folder.assetcatalog; path = Assets.xcassets; sourceTree = "<group>"; };
		B581687929B9D33800A52DE0 /* Base */ = {isa = PBXFileReference; lastKnownFileType = file.storyboard; name = Base; path = Base.lproj/LaunchScreen.storyboard; sourceTree = "<group>"; };
		B581687B29B9D33800A52DE0 /* Info.plist */ = {isa = PBXFileReference; lastKnownFileType = text.plist.xml; path = Info.plist; sourceTree = "<group>"; };
		B581688329B9F93600A52DE0 /* PostViewController.swift */ = {isa = PBXFileReference; lastKnownFileType = sourcecode.swift; path = PostViewController.swift; sourceTree = "<group>"; };
		B581688629B9FA9200A52DE0 /* Post.swift */ = {isa = PBXFileReference; lastKnownFileType = sourcecode.swift; path = Post.swift; sourceTree = "<group>"; };
		B581688829BAC9D500A52DE0 /* InfoViewController.swift */ = {isa = PBXFileReference; lastKnownFileType = sourcecode.swift; path = InfoViewController.swift; sourceTree = "<group>"; };
		B581688A29BB000500A52DE0 /* .gitignore */ = {isa = PBXFileReference; fileEncoding = 4; lastKnownFileType = text; path = .gitignore; sourceTree = "<group>"; };
		B581688D29CA134000A52DE0 /* ProfileTableHederView.swift */ = {isa = PBXFileReference; lastKnownFileType = sourcecode.swift; path = ProfileTableHederView.swift; sourceTree = "<group>"; };
		B581688F29CA138400A52DE0 /* ProfileViewController.swift */ = {isa = PBXFileReference; lastKnownFileType = sourcecode.swift; path = ProfileViewController.swift; sourceTree = "<group>"; };
		B581689729D4577100A52DE0 /* Extensions.swift */ = {isa = PBXFileReference; lastKnownFileType = sourcecode.swift; path = Extensions.swift; sourceTree = "<group>"; };
		B5B4BD5029D6D20300652889 /* LoginViewController.swift */ = {isa = PBXFileReference; lastKnownFileType = sourcecode.swift; path = LoginViewController.swift; sourceTree = "<group>"; };
		B5B4BD5229D6F05300652889 /* LoginScrollView.swift */ = {isa = PBXFileReference; lastKnownFileType = sourcecode.swift; path = LoginScrollView.swift; sourceTree = "<group>"; };
/* End PBXFileReference section */

/* Begin PBXFrameworksBuildPhase section */
		B581686729B9D33000A52DE0 /* Frameworks */ = {
			isa = PBXFrameworksBuildPhase;
			buildActionMask = 2147483647;
			files = (
			);
			runOnlyForDeploymentPostprocessing = 0;
		};
/* End PBXFrameworksBuildPhase section */

/* Begin PBXGroup section */
		B581686129B9D33000A52DE0 = {
			isa = PBXGroup;
			children = (
				B581688A29BB000500A52DE0 /* .gitignore */,
				B581686C29B9D33000A52DE0 /* Navigation */,
				B581686B29B9D33000A52DE0 /* Products */,
			);
			sourceTree = "<group>";
		};
		B581686B29B9D33000A52DE0 /* Products */ = {
			isa = PBXGroup;
			children = (
				B581686A29B9D33000A52DE0 /* Navigation.app */,
			);
			name = Products;
			sourceTree = "<group>";
		};
		B581686C29B9D33000A52DE0 /* Navigation */ = {
			isa = PBXGroup;
			children = (
				B581688529B9F93A00A52DE0 /* Controllers */,
				B581689129D455F400A52DE0 /* Config */,
				B581689329D4567000A52DE0 /* Core */,
				B581689929D4582100A52DE0 /* Extensions */,
				B581689429D456A200A52DE0 /* Model */,
				B581689229D4560500A52DE0 /* Resources */,
				B581689529D456A900A52DE0 /* View */,
				B581687B29B9D33800A52DE0 /* Info.plist */,
			);
			path = Navigation;
			sourceTree = "<group>";
		};
		B581688529B9F93A00A52DE0 /* Controllers */ = {
			isa = PBXGroup;
			children = (
				B581687129B9D33000A52DE0 /* FeedViewController.swift */,
				B581688329B9F93600A52DE0 /* PostViewController.swift */,
				B581688F29CA138400A52DE0 /* ProfileViewController.swift */,
				B581688829BAC9D500A52DE0 /* InfoViewController.swift */,
				B5B4BD5029D6D20300652889 /* LoginViewController.swift */,
			);
			path = Controllers;
			sourceTree = "<group>";
		};
		B581689129D455F400A52DE0 /* Config */ = {
			isa = PBXGroup;
			children = (
				B581686F29B9D33000A52DE0 /* SceneDelegate.swift */,
			);
			path = Config;
			sourceTree = "<group>";
		};
		B581689229D4560500A52DE0 /* Resources */ = {
			isa = PBXGroup;
			children = (
				B581687829B9D33800A52DE0 /* LaunchScreen.storyboard */,
				B581687629B9D33800A52DE0 /* Assets.xcassets */,
			);
			path = Resources;
			sourceTree = "<group>";
		};
		B581689329D4567000A52DE0 /* Core */ = {
			isa = PBXGroup;
			children = (
				B581686D29B9D33000A52DE0 /* AppDelegate.swift */,
			);
			path = Core;
			sourceTree = "<group>";
		};
		B581689429D456A200A52DE0 /* Model */ = {
			isa = PBXGroup;
			children = (
				B581688629B9FA9200A52DE0 /* Post.swift */,
			);
			path = Model;
			sourceTree = "<group>";
		};
		B581689529D456A900A52DE0 /* View */ = {
			isa = PBXGroup;
			children = (
				B506C65229DC27310023E2CB /* PostTableViewCell.swift */,
				B581688D29CA134000A52DE0 /* ProfileTableHederView.swift */,
				B5B4BD5229D6F05300652889 /* LoginScrollView.swift */,
			);
			path = View;
			sourceTree = "<group>";
		};
		B581689929D4582100A52DE0 /* Extensions */ = {
			isa = PBXGroup;
			children = (
				B581689729D4577100A52DE0 /* Extensions.swift */,
			);
			path = Extensions;
			sourceTree = "<group>";
		};
/* End PBXGroup section */

/* Begin PBXNativeTarget section */
		B581686929B9D33000A52DE0 /* Navigation */ = {
			isa = PBXNativeTarget;
			buildConfigurationList = B581687E29B9D33800A52DE0 /* Build configuration list for PBXNativeTarget "Navigation" */;
			buildPhases = (
				B581686629B9D33000A52DE0 /* Sources */,
				B581686729B9D33000A52DE0 /* Frameworks */,
				B581686829B9D33000A52DE0 /* Resources */,
			);
			buildRules = (
			);
			dependencies = (
			);
			name = Navigation;
			productName = Navigation;
			productReference = B581686A29B9D33000A52DE0 /* Navigation.app */;
			productType = "com.apple.product-type.application";
		};
/* End PBXNativeTarget section */

/* Begin PBXProject section */
		B581686229B9D33000A52DE0 /* Project object */ = {
			isa = PBXProject;
			attributes = {
				BuildIndependentTargetsInParallel = 1;
				LastSwiftUpdateCheck = 1420;
				LastUpgradeCheck = 1420;
				TargetAttributes = {
					B581686929B9D33000A52DE0 = {
						CreatedOnToolsVersion = 14.2;
					};
				};
			};
			buildConfigurationList = B581686529B9D33000A52DE0 /* Build configuration list for PBXProject "Navigation" */;
			compatibilityVersion = "Xcode 14.0";
			developmentRegion = en;
			hasScannedForEncodings = 0;
			knownRegions = (
				en,
				Base,
			);
			mainGroup = B581686129B9D33000A52DE0;
			productRefGroup = B581686B29B9D33000A52DE0 /* Products */;
			projectDirPath = "";
			projectRoot = "";
			targets = (
				B581686929B9D33000A52DE0 /* Navigation */,
			);
		};
/* End PBXProject section */

/* Begin PBXResourcesBuildPhase section */
		B581686829B9D33000A52DE0 /* Resources */ = {
			isa = PBXResourcesBuildPhase;
			buildActionMask = 2147483647;
			files = (
				B581687A29B9D33800A52DE0 /* LaunchScreen.storyboard in Resources */,
				B581688B29BB000600A52DE0 /* .gitignore in Resources */,
				B581687729B9D33800A52DE0 /* Assets.xcassets in Resources */,
			);
			runOnlyForDeploymentPostprocessing = 0;
		};
/* End PBXResourcesBuildPhase section */

/* Begin PBXSourcesBuildPhase section */
		B581686629B9D33000A52DE0 /* Sources */ = {
			isa = PBXSourcesBuildPhase;
			buildActionMask = 2147483647;
			files = (
				B581687229B9D33000A52DE0 /* FeedViewController.swift in Sources */,
				B581689829D4577100A52DE0 /* Extensions.swift in Sources */,
				B581686E29B9D33000A52DE0 /* AppDelegate.swift in Sources */,
				B581688929BAC9D500A52DE0 /* InfoViewController.swift in Sources */,
				B581688729B9FA9200A52DE0 /* Post.swift in Sources */,
				B5B4BD5329D6F05300652889 /* LoginScrollView.swift in Sources */,
				B581687029B9D33000A52DE0 /* SceneDelegate.swift in Sources */,
				B581689029CA138400A52DE0 /* ProfileViewController.swift in Sources */,
				B581688429B9F93700A52DE0 /* PostViewController.swift in Sources */,
				B5B4BD5129D6D20300652889 /* LoginViewController.swift in Sources */,
				B581688E29CA134000A52DE0 /* ProfileTableHederView.swift in Sources */,
				B506C65329DC27310023E2CB /* PostTableViewCell.swift in Sources */,
			);
			runOnlyForDeploymentPostprocessing = 0;
		};
/* End PBXSourcesBuildPhase section */

/* Begin PBXVariantGroup section */
		B581687829B9D33800A52DE0 /* LaunchScreen.storyboard */ = {
			isa = PBXVariantGroup;
			children = (
				B581687929B9D33800A52DE0 /* Base */,
			);
			name = LaunchScreen.storyboard;
			sourceTree = "<group>";
		};
/* End PBXVariantGroup section */

/* Begin XCBuildConfiguration section */
		B581687C29B9D33800A52DE0 /* Debug */ = {
			isa = XCBuildConfiguration;
			buildSettings = {
				ALWAYS_SEARCH_USER_PATHS = NO;
				CLANG_ANALYZER_NONNULL = YES;
				CLANG_ANALYZER_NUMBER_OBJECT_CONVERSION = YES_AGGRESSIVE;
				CLANG_CXX_LANGUAGE_STANDARD = "gnu++20";
				CLANG_ENABLE_MODULES = YES;
				CLANG_ENABLE_OBJC_ARC = YES;
				CLANG_ENABLE_OBJC_WEAK = YES;
				CLANG_WARN_BLOCK_CAPTURE_AUTORELEASING = YES;
				CLANG_WARN_BOOL_CONVERSION = YES;
				CLANG_WARN_COMMA = YES;
				CLANG_WARN_CONSTANT_CONVERSION = YES;
				CLANG_WARN_DEPRECATED_OBJC_IMPLEMENTATIONS = YES;
				CLANG_WARN_DIRECT_OBJC_ISA_USAGE = YES_ERROR;
				CLANG_WARN_DOCUMENTATION_COMMENTS = YES;
				CLANG_WARN_EMPTY_BODY = YES;
				CLANG_WARN_ENUM_CONVERSION = YES;
				CLANG_WARN_INFINITE_RECURSION = YES;
				CLANG_WARN_INT_CONVERSION = YES;
				CLANG_WARN_NON_LITERAL_NULL_CONVERSION = YES;
				CLANG_WARN_OBJC_IMPLICIT_RETAIN_SELF = YES;
				CLANG_WARN_OBJC_LITERAL_CONVERSION = YES;
				CLANG_WARN_OBJC_ROOT_CLASS = YES_ERROR;
				CLANG_WARN_QUOTED_INCLUDE_IN_FRAMEWORK_HEADER = YES;
				CLANG_WARN_RANGE_LOOP_ANALYSIS = YES;
				CLANG_WARN_STRICT_PROTOTYPES = YES;
				CLANG_WARN_SUSPICIOUS_MOVE = YES;
				CLANG_WARN_UNGUARDED_AVAILABILITY = YES_AGGRESSIVE;
				CLANG_WARN_UNREACHABLE_CODE = YES;
				CLANG_WARN__DUPLICATE_METHOD_MATCH = YES;
				COPY_PHASE_STRIP = NO;
				DEBUG_INFORMATION_FORMAT = dwarf;
				ENABLE_STRICT_OBJC_MSGSEND = YES;
				ENABLE_TESTABILITY = YES;
				GCC_C_LANGUAGE_STANDARD = gnu11;
				GCC_DYNAMIC_NO_PIC = NO;
				GCC_NO_COMMON_BLOCKS = YES;
				GCC_OPTIMIZATION_LEVEL = 0;
				GCC_PREPROCESSOR_DEFINITIONS = (
					"DEBUG=1",
					"$(inherited)",
				);
				GCC_WARN_64_TO_32_BIT_CONVERSION = YES;
				GCC_WARN_ABOUT_RETURN_TYPE = YES_ERROR;
				GCC_WARN_UNDECLARED_SELECTOR = YES;
				GCC_WARN_UNINITIALIZED_AUTOS = YES_AGGRESSIVE;
				GCC_WARN_UNUSED_FUNCTION = YES;
				GCC_WARN_UNUSED_VARIABLE = YES;
				IPHONEOS_DEPLOYMENT_TARGET = 14.0;
				MTL_ENABLE_DEBUG_INFO = INCLUDE_SOURCE;
				MTL_FAST_MATH = YES;
				ONLY_ACTIVE_ARCH = YES;
				SDKROOT = iphoneos;
				SWIFT_ACTIVE_COMPILATION_CONDITIONS = DEBUG;
				SWIFT_OPTIMIZATION_LEVEL = "-Onone";
			};
			name = Debug;
		};
		B581687D29B9D33800A52DE0 /* Release */ = {
			isa = XCBuildConfiguration;
			buildSettings = {
				ALWAYS_SEARCH_USER_PATHS = NO;
				CLANG_ANALYZER_NONNULL = YES;
				CLANG_ANALYZER_NUMBER_OBJECT_CONVERSION = YES_AGGRESSIVE;
				CLANG_CXX_LANGUAGE_STANDARD = "gnu++20";
				CLANG_ENABLE_MODULES = YES;
				CLANG_ENABLE_OBJC_ARC = YES;
				CLANG_ENABLE_OBJC_WEAK = YES;
				CLANG_WARN_BLOCK_CAPTURE_AUTORELEASING = YES;
				CLANG_WARN_BOOL_CONVERSION = YES;
				CLANG_WARN_COMMA = YES;
				CLANG_WARN_CONSTANT_CONVERSION = YES;
				CLANG_WARN_DEPRECATED_OBJC_IMPLEMENTATIONS = YES;
				CLANG_WARN_DIRECT_OBJC_ISA_USAGE = YES_ERROR;
				CLANG_WARN_DOCUMENTATION_COMMENTS = YES;
				CLANG_WARN_EMPTY_BODY = YES;
				CLANG_WARN_ENUM_CONVERSION = YES;
				CLANG_WARN_INFINITE_RECURSION = YES;
				CLANG_WARN_INT_CONVERSION = YES;
				CLANG_WARN_NON_LITERAL_NULL_CONVERSION = YES;
				CLANG_WARN_OBJC_IMPLICIT_RETAIN_SELF = YES;
				CLANG_WARN_OBJC_LITERAL_CONVERSION = YES;
				CLANG_WARN_OBJC_ROOT_CLASS = YES_ERROR;
				CLANG_WARN_QUOTED_INCLUDE_IN_FRAMEWORK_HEADER = YES;
				CLANG_WARN_RANGE_LOOP_ANALYSIS = YES;
				CLANG_WARN_STRICT_PROTOTYPES = YES;
				CLANG_WARN_SUSPICIOUS_MOVE = YES;
				CLANG_WARN_UNGUARDED_AVAILABILITY = YES_AGGRESSIVE;
				CLANG_WARN_UNREACHABLE_CODE = YES;
				CLANG_WARN__DUPLICATE_METHOD_MATCH = YES;
				COPY_PHASE_STRIP = NO;
				DEBUG_INFORMATION_FORMAT = "dwarf-with-dsym";
				ENABLE_NS_ASSERTIONS = NO;
				ENABLE_STRICT_OBJC_MSGSEND = YES;
				GCC_C_LANGUAGE_STANDARD = gnu11;
				GCC_NO_COMMON_BLOCKS = YES;
				GCC_WARN_64_TO_32_BIT_CONVERSION = YES;
				GCC_WARN_ABOUT_RETURN_TYPE = YES_ERROR;
				GCC_WARN_UNDECLARED_SELECTOR = YES;
				GCC_WARN_UNINITIALIZED_AUTOS = YES_AGGRESSIVE;
				GCC_WARN_UNUSED_FUNCTION = YES;
				GCC_WARN_UNUSED_VARIABLE = YES;
				IPHONEOS_DEPLOYMENT_TARGET = 14.0;
				MTL_ENABLE_DEBUG_INFO = NO;
				MTL_FAST_MATH = YES;
				SDKROOT = iphoneos;
				SWIFT_COMPILATION_MODE = wholemodule;
				SWIFT_OPTIMIZATION_LEVEL = "-O";
				VALIDATE_PRODUCT = YES;
			};
			name = Release;
		};
		B581687F29B9D33800A52DE0 /* Debug */ = {
			isa = XCBuildConfiguration;
			buildSettings = {
				ASSETCATALOG_COMPILER_APPICON_NAME = AppIcon;
				ASSETCATALOG_COMPILER_GLOBAL_ACCENT_COLOR_NAME = AccentColor;
				CODE_SIGN_STYLE = Automatic;
				CURRENT_PROJECT_VERSION = 1;
				DEVELOPMENT_TEAM = 5X6RZ5N5BC;
				GENERATE_INFOPLIST_FILE = YES;
				INFOPLIST_FILE = Navigation/Info.plist;
				INFOPLIST_KEY_UIApplicationSupportsIndirectInputEvents = YES;
				INFOPLIST_KEY_UILaunchStoryboardName = LaunchScreen;
				INFOPLIST_KEY_UISupportedInterfaceOrientations_iPad = "UIInterfaceOrientationPortrait UIInterfaceOrientationPortraitUpsideDown UIInterfaceOrientationLandscapeLeft UIInterfaceOrientationLandscapeRight";
				INFOPLIST_KEY_UISupportedInterfaceOrientations_iPhone = "UIInterfaceOrientationPortrait UIInterfaceOrientationLandscapeLeft UIInterfaceOrientationLandscapeRight";
				IPHONEOS_DEPLOYMENT_TARGET = 14.0;
				LD_RUNPATH_SEARCH_PATHS = (
					"$(inherited)",
					"@executable_path/Frameworks",
				);
				MARKETING_VERSION = 1.0;
				PRODUCT_BUNDLE_IDENTIFIER = com.dmitry4ch.Navigation;
				PRODUCT_NAME = "$(TARGET_NAME)";
				SWIFT_EMIT_LOC_STRINGS = YES;
				SWIFT_VERSION = 5.0;
				TARGETED_DEVICE_FAMILY = "1,2";
			};
			name = Debug;
		};
		B581688029B9D33800A52DE0 /* Release */ = {
			isa = XCBuildConfiguration;
			buildSettings = {
				ASSETCATALOG_COMPILER_APPICON_NAME = AppIcon;
				ASSETCATALOG_COMPILER_GLOBAL_ACCENT_COLOR_NAME = AccentColor;
				CODE_SIGN_STYLE = Automatic;
				CURRENT_PROJECT_VERSION = 1;
				DEVELOPMENT_TEAM = 5X6RZ5N5BC;
				GENERATE_INFOPLIST_FILE = YES;
				INFOPLIST_FILE = Navigation/Info.plist;
				INFOPLIST_KEY_UIApplicationSupportsIndirectInputEvents = YES;
				INFOPLIST_KEY_UILaunchStoryboardName = LaunchScreen;
				INFOPLIST_KEY_UISupportedInterfaceOrientations_iPad = "UIInterfaceOrientationPortrait UIInterfaceOrientationPortraitUpsideDown UIInterfaceOrientationLandscapeLeft UIInterfaceOrientationLandscapeRight";
				INFOPLIST_KEY_UISupportedInterfaceOrientations_iPhone = "UIInterfaceOrientationPortrait UIInterfaceOrientationLandscapeLeft UIInterfaceOrientationLandscapeRight";
				IPHONEOS_DEPLOYMENT_TARGET = 14.0;
				LD_RUNPATH_SEARCH_PATHS = (
					"$(inherited)",
					"@executable_path/Frameworks",
				);
				MARKETING_VERSION = 1.0;
				PRODUCT_BUNDLE_IDENTIFIER = com.dmitry4ch.Navigation;
				PRODUCT_NAME = "$(TARGET_NAME)";
				SWIFT_EMIT_LOC_STRINGS = YES;
				SWIFT_VERSION = 5.0;
				TARGETED_DEVICE_FAMILY = "1,2";
			};
			name = Release;
		};
/* End XCBuildConfiguration section */

/* Begin XCConfigurationList section */
		B581686529B9D33000A52DE0 /* Build configuration list for PBXProject "Navigation" */ = {
			isa = XCConfigurationList;
			buildConfigurations = (
				B581687C29B9D33800A52DE0 /* Debug */,
				B581687D29B9D33800A52DE0 /* Release */,
			);
			defaultConfigurationIsVisible = 0;
			defaultConfigurationName = Release;
		};
		B581687E29B9D33800A52DE0 /* Build configuration list for PBXNativeTarget "Navigation" */ = {
			isa = XCConfigurationList;
			buildConfigurations = (
				B581687F29B9D33800A52DE0 /* Debug */,
				B581688029B9D33800A52DE0 /* Release */,
			);
			defaultConfigurationIsVisible = 0;
			defaultConfigurationName = Release;
		};
/* End XCConfigurationList section */
	};
	rootObject = B581686229B9D33000A52DE0 /* Project object */;
}
